
Microsoft Visual Studio Solution File, Format Version 12.00
# Visual Studio 15
VisualStudioVersion = 15.0.28307.539
MinimumVisualStudioVersion = 10.0.40219.1
Project("{FAE04EC0-301F-11D3-BF4B-00C04F79EFBC}") = "PlanningWebApplication", "PlanningWebApplication\PlanningWebApplication.csproj", "{9C5992B0-03CC-4112-A952-12FD985B2CFC}"
EndProject
Global
	GlobalSection(SolutionConfigurationPlatforms) = preSolution
		Debug|Any CPU = Debug|Any CPU
		Release|Any CPU = Release|Any CPU
	EndGlobalSection
	GlobalSection(ProjectConfigurationPlatforms) = postSolution
		{9C5992B0-03CC-4112-A952-12FD985B2CFC}.Debug|Any CPU.ActiveCfg = Debug|Any CPU
		{9C5992B0-03CC-4112-A952-12FD985B2CFC}.Debug|Any CPU.Build.0 = Debug|Any CPU
		{9C5992B0-03CC-4112-A952-12FD985B2CFC}.Release|Any CPU.ActiveCfg = Release|Any CPU
		{9C5992B0-03CC-4112-A952-12FD985B2CFC}.Release|Any CPU.Build.0 = Release|Any CPU
	EndGlobalSection
	GlobalSection(SolutionProperties) = preSolution
		HideSolutionNode = FALSE
	EndGlobalSection
	GlobalSection(ExtensibilityGlobals) = postSolution
		SolutionGuid = {5046B6A7-8116-40A1-B211-C97D0A06798B}
	EndGlobalSection
EndGlobal
